
Microsoft Visual Studio Solution File, Format Version 12.00
# Visual Studio Version 16
VisualStudioVersion = 16.0.31005.135
MinimumVisualStudioVersion = 10.0.40219.1
Project("{9A19103F-16F7-4668-BE54-9A1E7A4F7556}") = "TicTackToe.Api", "TicTackToe.Api\TicTackToe.Api.csproj", "{0EA9A904-AE2B-444E-9237-7BC15EDEBBDF}"
EndProject
Project("{FAE04EC0-301F-11D3-BF4B-00C04F79EFBC}") = "TicTacToe.Core", "TicTacToe.Core\TicTacToe.Core.csproj", "{423ADDB9-8455-4B1A-8284-41A6030DA3EB}"
EndProject
Project("{FAE04EC0-301F-11D3-BF4B-00C04F79EFBC}") = "TicTacToe.Infrastructure", "TicTacToe.Infrastructure\TicTacToe.Infrastructure.csproj", "{4F69B3A9-002B-4FF5-B018-951DE766271A}"
EndProject
Global
	GlobalSection(SolutionConfigurationPlatforms) = preSolution
		Debug|Any CPU = Debug|Any CPU
		Release|Any CPU = Release|Any CPU
	EndGlobalSection
	GlobalSection(ProjectConfigurationPlatforms) = postSolution
		{0EA9A904-AE2B-444E-9237-7BC15EDEBBDF}.Debug|Any CPU.ActiveCfg = Debug|Any CPU
		{0EA9A904-AE2B-444E-9237-7BC15EDEBBDF}.Debug|Any CPU.Build.0 = Debug|Any CPU
		{0EA9A904-AE2B-444E-9237-7BC15EDEBBDF}.Release|Any CPU.ActiveCfg = Release|Any CPU
		{0EA9A904-AE2B-444E-9237-7BC15EDEBBDF}.Release|Any CPU.Build.0 = Release|Any CPU
		{423ADDB9-8455-4B1A-8284-41A6030DA3EB}.Debug|Any CPU.ActiveCfg = Debug|Any CPU
		{423ADDB9-8455-4B1A-8284-41A6030DA3EB}.Debug|Any CPU.Build.0 = Debug|Any CPU
		{423ADDB9-8455-4B1A-8284-41A6030DA3EB}.Release|Any CPU.ActiveCfg = Release|Any CPU
		{423ADDB9-8455-4B1A-8284-41A6030DA3EB}.Release|Any CPU.Build.0 = Release|Any CPU
		{4F69B3A9-002B-4FF5-B018-951DE766271A}.Debug|Any CPU.ActiveCfg = Debug|Any CPU
		{4F69B3A9-002B-4FF5-B018-951DE766271A}.Debug|Any CPU.Build.0 = Debug|Any CPU
		{4F69B3A9-002B-4FF5-B018-951DE766271A}.Release|Any CPU.ActiveCfg = Release|Any CPU
		{4F69B3A9-002B-4FF5-B018-951DE766271A}.Release|Any CPU.Build.0 = Release|Any CPU
	EndGlobalSection
	GlobalSection(SolutionProperties) = preSolution
		HideSolutionNode = FALSE
	EndGlobalSection
	GlobalSection(ExtensibilityGlobals) = postSolution
		SolutionGuid = {0C2B9CB2-E1CA-4D65-A6E1-92FF44310FD0}
	EndGlobalSection
EndGlobal
